
Microsoft Visual Studio Solution File, Format Version 12.00
# Visual Studio 15
VisualStudioVersion = 15.0.28307.902
MinimumVisualStudioVersion = 10.0.40219.1
Project("{FAE04EC0-301F-11D3-BF4B-00C04F79EFBC}") = "GK4", "GK4\GK4.csproj", "{C5FB2113-49FE-416B-AFC2-1CAD5352B577}"
EndProject
Global
	GlobalSection(SolutionConfigurationPlatforms) = preSolution
		Debug|Any CPU = Debug|Any CPU
		Release|Any CPU = Release|Any CPU
	EndGlobalSection
	GlobalSection(ProjectConfigurationPlatforms) = postSolution
		{C5FB2113-49FE-416B-AFC2-1CAD5352B577}.Debug|Any CPU.ActiveCfg = Debug|Any CPU
		{C5FB2113-49FE-416B-AFC2-1CAD5352B577}.Debug|Any CPU.Build.0 = Debug|Any CPU
		{C5FB2113-49FE-416B-AFC2-1CAD5352B577}.Release|Any CPU.ActiveCfg = Release|Any CPU
		{C5FB2113-49FE-416B-AFC2-1CAD5352B577}.Release|Any CPU.Build.0 = Release|Any CPU
	EndGlobalSection
	GlobalSection(SolutionProperties) = preSolution
		HideSolutionNode = FALSE
	EndGlobalSection
	GlobalSection(ExtensibilityGlobals) = postSolution
		SolutionGuid = {22C9127D-A27C-47F0-9703-8EB0878B0F85}
	EndGlobalSection
EndGlobal
